uuid: e37fec9f-2ec7-4da1-a638-2371fc2bf435
langcode: en
status: true
dependencies:
  module:
    - screening_blocks
    - system
  theme:
    - s2s
id: screeningtoolslandingpageblock
theme: s2s
region: content
weight: -52
provider: null
plugin: screening_landing_page_block
settings:
  id: screening_landing_page_block
  label: 'Screening Tools Landing Page Block'
  provider: screening_blocks
  label_display: '0'
visibility:
  request_path:
    id: request_path
    pages: /screening-tools
    negate: false
    context_mapping: {  }
