uuid: 3b7e8446-8aab-41b9-a108-ee9f220304b3
langcode: en
status: false
dependencies:
  content:
    - 'block_content:basic:1f5fa21d-094d-4e89-abf6-07aa1e532066'
  module:
    - block_content
    - system
  theme:
    - enterpriseplus
id: enterpriseplus_fancyblock
theme: enterpriseplus
region: slideout
weight: -52
provider: null
plugin: 'block_content:1f5fa21d-094d-4e89-abf6-07aa1e532066'
settings:
  id: 'block_content:1f5fa21d-094d-4e89-abf6-07aa1e532066'
  label: 'Fancy block'
  provider: block_content
  label_display: '0'
  status: true
  info: ''
  view_mode: full
visibility:
  request_path:
    id: request_path
    pages: /blocks
    negate: false
    context_mapping: {  }
